
Microsoft Visual Studio Solution File, Format Version 12.00
# Visual Studio Version 17
VisualStudioVersion = 17.11.35327.3
MinimumVisualStudioVersion = 10.0.40219.1
Project("{FAE04EC0-301F-11D3-BF4B-00C04F79EFBC}") = "Accessible-PDF-document", "Accessible-PDF-document\Accessible-PDF-document.csproj", "{B6BF8ED7-BC29-42D9-8FE8-C4DF14DE20C2}"
EndProject
Global
	GlobalSection(SolutionConfigurationPlatforms) = preSolution
		Debug|Any CPU = Debug|Any CPU
		Release|Any CPU = Release|Any CPU
	EndGlobalSection
	GlobalSection(ProjectConfigurationPlatforms) = postSolution
		{B6BF8ED7-BC29-42D9-8FE8-C4DF14DE20C2}.Debug|Any CPU.ActiveCfg = Debug|Any CPU
		{B6BF8ED7-BC29-42D9-8FE8-C4DF14DE20C2}.Debug|Any CPU.Build.0 = Debug|Any CPU
		{B6BF8ED7-BC29-42D9-8FE8-C4DF14DE20C2}.Release|Any CPU.ActiveCfg = Release|Any CPU
		{B6BF8ED7-BC29-42D9-8FE8-C4DF14DE20C2}.Release|Any CPU.Build.0 = Release|Any CPU
	EndGlobalSection
	GlobalSection(SolutionProperties) = preSolution
		HideSolutionNode = FALSE
	EndGlobalSection
	GlobalSection(ExtensibilityGlobals) = postSolution
		SolutionGuid = {F8223F3E-1DBD-4427-AF91-DCDD796BA9F6}
	EndGlobalSection
EndGlobal
