
Microsoft Visual Studio Solution File, Format Version 12.00
# Visual Studio Version 17
VisualStudioVersion = 17.11.35327.3
MinimumVisualStudioVersion = 10.0.40219.1
Project("{FAE04EC0-301F-11D3-BF4B-00C04F79EFBC}") = "Optimize-identical-images", "Optimize-identical-images\Optimize-identical-images.csproj", "{D5F54473-5F8E-4087-B769-2FF0031C6FE0}"
EndProject
Global
	GlobalSection(SolutionConfigurationPlatforms) = preSolution
		Debug|Any CPU = Debug|Any CPU
		Release|Any CPU = Release|Any CPU
	EndGlobalSection
	GlobalSection(ProjectConfigurationPlatforms) = postSolution
		{D5F54473-5F8E-4087-B769-2FF0031C6FE0}.Debug|Any CPU.ActiveCfg = Debug|Any CPU
		{D5F54473-5F8E-4087-B769-2FF0031C6FE0}.Debug|Any CPU.Build.0 = Debug|Any CPU
		{D5F54473-5F8E-4087-B769-2FF0031C6FE0}.Release|Any CPU.ActiveCfg = Release|Any CPU
		{D5F54473-5F8E-4087-B769-2FF0031C6FE0}.Release|Any CPU.Build.0 = Release|Any CPU
	EndGlobalSection
	GlobalSection(SolutionProperties) = preSolution
		HideSolutionNode = FALSE
	EndGlobalSection
	GlobalSection(ExtensibilityGlobals) = postSolution
		SolutionGuid = {17FE0748-6E46-431A-805B-E7C274322F77}
	EndGlobalSection
EndGlobal
