
Microsoft Visual Studio Solution File, Format Version 12.00
# Visual Studio Version 17
VisualStudioVersion = 17.11.35327.3
MinimumVisualStudioVersion = 10.0.40219.1
Project("{FAE04EC0-301F-11D3-BF4B-00C04F79EFBC}") = "For-range-of-Unicode", "For-range-of-Unicode\For-range-of-Unicode.csproj", "{610AE3BB-7B9D-46A1-B14D-DE046F1C902C}"
EndProject
Global
	GlobalSection(SolutionConfigurationPlatforms) = preSolution
		Debug|Any CPU = Debug|Any CPU
		Release|Any CPU = Release|Any CPU
	EndGlobalSection
	GlobalSection(ProjectConfigurationPlatforms) = postSolution
		{610AE3BB-7B9D-46A1-B14D-DE046F1C902C}.Debug|Any CPU.ActiveCfg = Debug|Any CPU
		{610AE3BB-7B9D-46A1-B14D-DE046F1C902C}.Debug|Any CPU.Build.0 = Debug|Any CPU
		{610AE3BB-7B9D-46A1-B14D-DE046F1C902C}.Release|Any CPU.ActiveCfg = Release|Any CPU
		{610AE3BB-7B9D-46A1-B14D-DE046F1C902C}.Release|Any CPU.Build.0 = Release|Any CPU
	EndGlobalSection
	GlobalSection(SolutionProperties) = preSolution
		HideSolutionNode = FALSE
	EndGlobalSection
	GlobalSection(ExtensibilityGlobals) = postSolution
		SolutionGuid = {B4788FE0-5F55-497E-B618-A8FD7A8CFF91}
	EndGlobalSection
EndGlobal
